<?xml version="1.0" encoding="UTF-8" standalone="yes" ?>
<CodeBlocks_project_file>
	<FileVersion major="1" minor="6" />
	<Project>
		<Option title="HexEditorCtrl" />
		<Option pch_mode="2" />
		<Option compiler="gcc" />
		<Build>
			<Target title="Debug">
				<Option output="Debug/bin/HexEditorCtrl" prefix_auto="1" extension_auto="1" />
				<Option object_output="Debug/obj/" />
				<Option type="0" />
				<Option compiler="gcc" />
				<Option projectLinkerOptionsRelation="2" />
				<Compiler>
					<Add option="-g" />
				</Compiler>
			</Target>
			<Target title="Release">
				<Option output="Release/bin/HexEditorCtrl" prefix_auto="1" extension_auto="1" />
				<Option object_output="Release/obj/" />
				<Option type="0" />
				<Option compiler="gcc" />
				<Option projectLinkerOptionsRelation="2" />
				<Compiler>
					<Add option="-O2" />
				</Compiler>
				<Linker>
					<Add option="-s" />
				</Linker>
			</Target>
		</Build>
		<Compiler>
			<Add option="`wx-config --cflags`" />
			<Add option="-Wall" />
		</Compiler>
		<Linker>
			<Add option="`wx-config --libs`" />
		</Linker>
		<Unit filename="HexEditorCtrl.cpp" />
		<Unit filename="HexEditorCtrl.h" />
		<Unit filename="HexEditorCtrlGui.cpp" />
		<Unit filename="HexEditorCtrlGui.h" />
		<Unit filename="app.cpp" />
		<Unit filename="app.h" />
		<Unit filename="main.cpp" />
		<Unit filename="main.h" />
		<Unit filename="wxHexCtrl/Tag.cpp" />
		<Unit filename="wxHexCtrl/Tag.h" />
		<Unit filename="wxHexCtrl/TagDialogGui.cpp" />
		<Unit filename="wxHexCtrl/TagDialogGui.h" />
		<Unit filename="wxHexCtrl/wxHexCtrl.cpp" />
		<Unit filename="wxHexCtrl/wxHexCtrl.h" />
		<Extensions>
			<envvars />
			<code_completion />
			<debugger />
			<lib_finder disable_auto="1" />
		</Extensions>
	</Project>
</CodeBlocks_project_file>
