<?xml version="1.0" encoding="UTF-8" standalone="yes" ?>
<CodeBlocks_project_file>
	<FileVersion major="1" minor="6" />
	<Project>
		<Option title="wxHexEditorCtrl" />
		<Option compiler="gcc" />
		<Build>
			<Target title="Debug">
				<Option output="bin/Debug/test" prefix_auto="1" extension_auto="1" />
				<Option object_output="obj/Debug/" />
				<Option type="1" />
				<Option compiler="gcc" />
				<Compiler>
					<Add option="-pg" />
					<Add option="-g" />
					<Add option="-D_DEBUG_" />
				</Compiler>
				<Linker>
					<Add option="-pg" />
				</Linker>
			</Target>
			<Target title="Release">
				<Option output="bin/Release/test" prefix_auto="1" extension_auto="1" />
				<Option object_output="obj/Release/" />
				<Option type="0" />
				<Option compiler="gcc" />
				<Compiler>
					<Add option="-O2" />
				</Compiler>
				<Linker>
					<Add option="-s" />
				</Linker>
			</Target>
		</Build>
		<Compiler>
			<Add option="-Wall" />
			<Add option="`wx-config --cflags`" />
			<Add option="-Winvalid-pch" />
			<Add option="-include wx_pch.h" />
			<Add option="-DUSE_PCH" />
		</Compiler>
		<Linker>
			<Add option="`wx-config --libs`" />
		</Linker>
		<Unit filename="HexEditorCtrl.cpp" />
		<Unit filename="HexEditorCtrl.fbp" />
		<Unit filename="HexEditorCtrl.h" />
		<Unit filename="HexEditorCtrlGui.cpp" />
		<Unit filename="HexEditorCtrlGui.h" />
		<Unit filename="app.cpp" />
		<Unit filename="app.h" />
		<Unit filename="main.cpp" />
		<Unit filename="main.h" />
		<Unit filename="wxHexCtrl/Tag.cpp" />
		<Unit filename="wxHexCtrl/Tag.h" />
		<Unit filename="wxHexCtrl/TagDialog.fbp" />
		<Unit filename="wxHexCtrl/TagDialogGui.cpp" />
		<Unit filename="wxHexCtrl/TagDialogGui.h" />
		<Unit filename="wxHexCtrl/wxHexCtrl.cpp" />
		<Unit filename="wxHexCtrl/wxHexCtrl.h" />
		<Extensions>
			<code_completion />
			<envvars />
			<debugger />
		</Extensions>
	</Project>
</CodeBlocks_project_file>
