<?xml version="1.0" encoding="UTF-8" standalone="yes" ?>
<CodeBlocks_project_file>
	<FileVersion major="1" minor="6" />
	<Project>
		<Option title="wxHexEditor" />
		<Option pch_mode="0" />
		<Option compiler="gcc" />
		<Build>
			<Target title="Debug">
				<Option output="Debug/bin/wxHexEditor" prefix_auto="1" extension_auto="1" />
				<Option object_output="Debug/obj/" />
				<Option type="1" />
				<Option compiler="gcc" />
				<Option use_console_runner="0" />
				<Option projectLinkerOptionsRelation="2" />
				<Compiler>
					<Add option="-pg" />
					<Add option="-g" />
					<Add option="-D_DEBUG_" />
				</Compiler>
				<Linker>
					<Add option="-pg" />
				</Linker>
			</Target>
			<Target title="Release">
				<Option output="Release/bin/wxHexEditor" prefix_auto="1" extension_auto="1" />
				<Option object_output="Release/obj/" />
				<Option type="0" />
				<Option compiler="gcc" />
				<Option projectLinkerOptionsRelation="2" />
				<Compiler>
					<Add option="-march=athlon64" />
					<Add option="-O3" />
					<Add option="-march=native -mtune=native" />
				</Compiler>
				<Linker>
					<Add option="-s" />
				</Linker>
			</Target>
		</Build>
		<Compiler>
			<Add option="-Wall" />
			<Add option="-I/home/compile/wxWidgets-2.8.9/lib/wx/include/gtk2-unicode-release-static-2.8" />
			<Add option="-I/home/compile/wxWidgets-2.8.9/include" />
			<Add option="-I/home/compile/wxWidgets-2.8.9/contrib/include" />
			<Add option="-D_FILE_OFFSET_BITS=64" />
			<Add option="-D_LARGE_FILES" />
			<Add option="-D__WXGTK__" />
			<Add option="-pthread" />
			<Add option="-Winvalid-pch" />
			<Add option="-include wx_pch.h" />
			<Add option="-DWX_PRECOMP" />
		</Compiler>
		<Linker>
			<Add option="-L/home/compile/wxWidgets-2.8.9/lib -pthread   -L/usr/lib64   /home/compile/wxWidgets-2.8.9/lib/libwx_gtk2u-2.8.a -pthread -lgtk-x11-2.0 -lgdk-x11-2.0 -latk-1.0 -lgdk_pixbuf-2.0 -lpango-1.0 -lgobject-2.0 -lgmodule-2.0 -ldl -lgthread-2.0 -lrt -lglib-2.0 -lXinerama -lXxf86vm -lSM -lpng -lz -ljpeg -ltiff -lwxregexu-2.8 -lz -ldl -lm" />
		</Linker>
		<Unit filename="DataInterpreter.h" />
		<Unit filename="FileDifference.cpp" />
		<Unit filename="FileDifference.h" />
		<Unit filename="HexEditor.cpp" />
		<Unit filename="HexEditor.h" />
		<Unit filename="HexEditorApp.cpp" />
		<Unit filename="HexEditorApp.h" />
		<Unit filename="HexEditorCtrl/HexEditorCtrl.cpp" />
		<Unit filename="HexEditorCtrl/HexEditorCtrl.fbp" />
		<Unit filename="HexEditorCtrl/HexEditorCtrl.h" />
		<Unit filename="HexEditorCtrl/HexEditorCtrlGui.cpp" />
		<Unit filename="HexEditorCtrl/HexEditorCtrlGui.h" />
		<Unit filename="HexEditorCtrl/wxHexCtrl/Tag.cpp" />
		<Unit filename="HexEditorCtrl/wxHexCtrl/Tag.h" />
		<Unit filename="HexEditorCtrl/wxHexCtrl/TagDialog.fbp" />
		<Unit filename="HexEditorCtrl/wxHexCtrl/TagDialogGui.cpp" />
		<Unit filename="HexEditorCtrl/wxHexCtrl/TagDialogGui.h" />
		<Unit filename="HexEditorCtrl/wxHexCtrl/wxHexCtrl.cpp" />
		<Unit filename="HexEditorCtrl/wxHexCtrl/wxHexCtrl.h" />
		<Unit filename="HexEditorFrame.cpp" />
		<Unit filename="HexEditorFrame.h" />
		<Unit filename="HexEditorGui.cpp" />
		<Unit filename="HexEditorGui.fbp" />
		<Unit filename="HexEditorGui.h" />
		<Unit filename="version.h" />
		<Unit filename="wx_pch.h">
			<Option compile="1" />
			<Option weight="0" />
		</Unit>
		<Extensions>
			<envvars />
			<code_completion />
			<debugger />
			<lib_finder disable_auto="1" />
			<AutoVersioning>
				<Scheme minor_max="10" build_max="0" rev_max="0" rev_rand_max="10" build_times_to_increment_minor="100" />
				<Settings autoincrement="1" date_declarations="1" do_auto_increment="0" ask_to_increment="0" language="C++" svn="0" svn_directory="" header_path="version.h" />
				<Changes_Log show_changes_editor="0" app_title="released version %M.%m.%b of %p" changeslog_path="ChangesLog.txt" />
			</AutoVersioning>
		</Extensions>
	</Project>
</CodeBlocks_project_file>
