<?xml version="1.0" encoding="UTF-8" standalone="yes" ?>
<CodeBlocks_project_file>
	<FileVersion major="1" minor="6" />
	<Project>
		<Option title="wxHexEditor" />
		<Option pch_mode="0" />
		<Option compiler="gcc" />
		<Build>
			<Target title="Release">
				<Option platforms="Unix;" />
				<Option output="Release/bin/wxHexEditor" prefix_auto="1" extension_auto="1" />
				<Option object_output="Release/obj/" />
				<Option type="0" />
				<Option compiler="gcc" />
				<Option projectLinkerOptionsRelation="2" />
				<Compiler>
					<Add option="-fexpensive-optimizations" />
					<Add option="-O3" />
					<Add option="`wx-config --cflags` -mtune=native -march=native -fopenmp" />
				</Compiler>
				<Linker>
					<Add option="`wx-config --libs`" />
					<Add library="udis86" />
					<Add library="mhash/lib/.libs/libmhash.a" />
					<Add library="gomp" />
				</Linker>
			</Target>
			<Target title="Debug">
				<Option platforms="Unix;" />
				<Option output="Debug/bin/wxHexEditor" prefix_auto="1" extension_auto="1" />
				<Option object_output="Debug/obj/" />
				<Option type="1" />
				<Option compiler="gcc" />
				<Option use_console_runner="0" />
				<Option parameters="testfile.swp" />
				<Option projectLinkerOptionsRelation="2" />
				<Compiler>
					<Add option="-pg" />
					<Add option="-g" />
					<Add option="`wx-config --cflags`" />
					<Add option="-D_DEBUG_" />
					<Add option="-D_DEBUG_FILE_" />
					<Add option="-D_DEBUG_SELECT_" />
					<Add option="-DEnable_Injections" />
				</Compiler>
				<Linker>
					<Add option="-pg" />
					<Add option="`wx-config --libs`" />
					<Add library="udis86" />
					<Add library="mhash/lib/.libs/libmhash.a" />
				</Linker>
			</Target>
			<Target title="MacOS-Release">
				<Option platforms="Mac;" />
				<Option output="Release/bin/wxHexEditor.app/Contents/MacOS/wxHexEditor" prefix_auto="1" extension_auto="1" />
				<Option object_output="Release/obj/" />
				<Option type="0" />
				<Option compiler="gcc" />
				<Option projectLinkerOptionsRelation="2" />
				<Compiler>
					<Add option="-Wall" />
					<Add option="$($(WXCONFIG) --cflags)" />
				</Compiler>
				<Linker>
					<Add option="$($(WXCONFIG) --libs) -lexpat" />
				</Linker>
				<Environment>
					<Variable name="WXCONFIG" value="/Volumes/COMPILE/wxWidgets-2.8.11/release/wx-config" />
				</Environment>
			</Target>
			<Target title="MacOS-Debug">
				<Option platforms="Mac;" />
				<Option output="Debug/bin/wxHexEditor.app/Contents/MacOS/wxHexEditor" prefix_auto="1" extension_auto="1" />
				<Option object_output="Debug/obj/" />
				<Option type="1" />
				<Option compiler="gcc" />
				<Option use_console_runner="0" />
				<Option projectCompilerOptionsRelation="1" />
				<Option projectLinkerOptionsRelation="2" />
				<Compiler>
					<Add option="-pg" />
					<Add option="-g" />
					<Add option="$($(WXCONFIG) --cflags)" />
					<Add option="-D_DEBUG2_" />
				</Compiler>
				<Linker>
					<Add option="-pg" />
					<Add option="$($(WXCONFIG) --libs) -lexpat" />
				</Linker>
				<Environment>
					<Variable name="WXCONFIG" value="/Volumes/COMPILE/wxWidgets-2.8.11/release/wx-config" />
				</Environment>
			</Target>
			<Target title="Release Cross-Win32">
				<Option output="Release/bin/wxHexEditor.exe" prefix_auto="0" extension_auto="0" />
				<Option object_output="Release/obj/" />
				<Option type="0" />
				<Option compiler="mingw32_gcc_compiler" />
				<Option projectCompilerOptionsRelation="1" />
				<Option projectLinkerOptionsRelation="2" />
				<Compiler>
					<Add option="-fexpensive-optimizations" />
					<Add option="-O3" />
					<Add option="`/home/compile/wxWidgets-2.8.11/release-mingw32/wx-config --cflags`" />
				</Compiler>
				<ResourceCompiler>
					<Add directory="$($(WXCONFIG) --cppflags)" />
				</ResourceCompiler>
				<Linker>
					<Add option="-s" />
					<Add option="$($(WXCONFIG) --libs)" />
					<Add option="-static-libgcc" />
					<Add option="-static-libstdc++" />
				</Linker>
				<Environment>
					<Variable name="WXCONFIG" value="/home/compile/wxWidgets-2.8.11/release-mingw32/wx-config" />
				</Environment>
			</Target>
			<Target title="Debug Cross-Win32">
				<Option output="Debug/bin/wxHexEditor.exe" prefix_auto="0" extension_auto="0" />
				<Option object_output="Release/obj/" />
				<Option type="0" />
				<Option compiler="mingw32_gcc_compiler" />
				<Option projectCompilerOptionsRelation="1" />
				<Option projectLinkerOptionsRelation="2" />
				<Compiler>
					<Add option="-march=athlon64" />
					<Add option="-fexpensive-optimizations" />
					<Add option="-O3" />
					<Add option="-g" />
					<Add option="$($(WXCONFIG) --cflags)" />
				</Compiler>
				<Linker>
					<Add option="-s" />
					<Add option="$($(WXCONFIG) --libs)" />
					<Add option="-static-libgcc" />
					<Add option="-static-libstdc++" />
				</Linker>
				<Environment>
					<Variable name="WXCONFIG" value="/home/compile/wxWidgets-2.8.11/release-mingw32/wx-config" />
				</Environment>
			</Target>
			<Target title="Custom Debug">
				<Option platforms="Unix;" />
				<Option output="Debug/bin/wxHexEditor" prefix_auto="1" extension_auto="1" />
				<Option object_output="Debug/obj/" />
				<Option type="1" />
				<Option compiler="gcc" />
				<Option use_console_runner="0" />
				<Option parameters="testfile.swp" />
				<Option projectLinkerOptionsRelation="2" />
				<Compiler>
					<Add option="-pg" />
					<Add option="-g" />
					<Add option="$($(WXCONFIG) --cflags)" />
					<Add option="-D_DEBUG_=6" />
				</Compiler>
				<Linker>
					<Add option="-pg" />
					<Add option="$($(WXCONFIG) --libs)" />
					<Add library="udis86" />
				</Linker>
				<Environment>
					<Variable name="WXCONFIG" value="/home/compile/wxWidgets-trunk/release/wx-config" />
				</Environment>
			</Target>
		</Build>
		<Compiler>
			<Add option="-Wall" />
			<Add directory="mhash/include" />
		</Compiler>
		<Unit filename="HexEditorGui.fbp" />
		<Unit filename="makefile" />
		<Unit filename="resources/osx/png2c.h" />
		<Unit filename="resources/resource.rc">
			<Option target="Release Cross-Win32" />
			<Option target="Debug Cross-Win32" />
		</Unit>
		<Unit filename="resources/wxHexEditor.desktop" />
		<Unit filename="resources/wxHexEditor.png" />
		<Unit filename="resources/wxhex.xpm" />
		<Unit filename="src/FAL.cpp" />
		<Unit filename="src/FAL.h" />
		<Unit filename="src/HDwin.h" />
		<Unit filename="src/HexDialogs.cpp" />
		<Unit filename="src/HexDialogs.h" />
		<Unit filename="src/HexEditor.cpp" />
		<Unit filename="src/HexEditor.h" />
		<Unit filename="src/HexEditorApp.cpp" />
		<Unit filename="src/HexEditorApp.h" />
		<Unit filename="src/HexEditorCtrl/HexEditorCtrl.cpp" />
		<Unit filename="src/HexEditorCtrl/HexEditorCtrl.fbp" />
		<Unit filename="src/HexEditorCtrl/HexEditorCtrl.h" />
		<Unit filename="src/HexEditorCtrl/HexEditorCtrlGui.cpp" />
		<Unit filename="src/HexEditorCtrl/HexEditorCtrlGui.h" />
		<Unit filename="src/HexEditorCtrl/wxHexCtrl/Tag.cpp" />
		<Unit filename="src/HexEditorCtrl/wxHexCtrl/Tag.h" />
		<Unit filename="src/HexEditorCtrl/wxHexCtrl/TagDialog.fbp" />
		<Unit filename="src/HexEditorCtrl/wxHexCtrl/TagDialogGui.cpp" />
		<Unit filename="src/HexEditorCtrl/wxHexCtrl/TagDialogGui.h" />
		<Unit filename="src/HexEditorCtrl/wxHexCtrl/wxHexCtrl.cpp" />
		<Unit filename="src/HexEditorCtrl/wxHexCtrl/wxHexCtrl.h" />
		<Unit filename="src/HexEditorFrame.cpp" />
		<Unit filename="src/HexEditorFrame.h" />
		<Unit filename="src/HexEditorGui.cpp" />
		<Unit filename="src/HexEditorGui.h" />
		<Unit filename="src/HexPanels.cpp" />
		<Unit filename="src/HexPanels.h" />
		<Extensions>
			<envvars />
			<code_completion />
			<debugger />
			<lib_finder disable_auto="1" />
			<AutoVersioning>
				<Scheme minor_max="100" build_max="0" rev_max="0" rev_rand_max="10" build_times_to_increment_minor="100" />
				<Settings autoincrement="1" date_declarations="1" update_manifest="1" do_auto_increment="0" ask_to_increment="0" language="C++" svn="1" svn_directory="/home/C++/projects/wxHexEditor/svn" header_path="version.h" />
				<Changes_Log show_changes_editor="0" app_title="released version %M.%mm.%b of %p" changeslog_path="ChangesLog.txt" />
				<Code header_guard="VERSION_H" namespace="AutoVersion" prefix="" />
			</AutoVersioning>
			<DoxyBlocks>
				<comment_style block="0" line="0" />
				<doxyfile_project />
				<doxyfile_build />
				<doxyfile_warnings />
				<doxyfile_output />
				<doxyfile_dot />
				<general />
			</DoxyBlocks>
		</Extensions>
	</Project>
</CodeBlocks_project_file>
