<?xml version="1.0" encoding="UTF-8" standalone="yes" ?>
<CodeBlocks_project_file>
	<FileVersion major="1" minor="6" />
	<Project>
		<Option title="mhash" />
		<Option pch_mode="2" />
		<Option compiler="gcc" />
		<Build>
			<Target title="Release">
				<Option platforms="Unix;" />
				<Option output="bin/Release/mhash" prefix_auto="1" extension_auto="1" />
				<Option working_dir="" />
				<Option object_output="obj/Release/" />
				<Option type="2" />
				<Option compiler="gcc" />
				<Option createDefFile="1" />
				<Compiler>
					<Add option="-O3" />
					<Add option="-Wall" />
				</Compiler>
				<Linker>
					<Add option="-s" />
				</Linker>
				<ExtraCommands>
					<Add before="if [ ! -f include/mutils/mhash_config.h ]; then cp include/mutils/mhash_config.linux.h include/mutils/mhash_config.h ; fi" />
				</ExtraCommands>
			</Target>
			<Target title="Debug">
				<Option platforms="Unix;" />
				<Option output="bin/Debug/mhash" prefix_auto="1" extension_auto="1" />
				<Option working_dir="" />
				<Option object_output="obj/Debug/" />
				<Option type="2" />
				<Option compiler="gcc" />
				<Option createDefFile="1" />
				<Compiler>
					<Add option="-Wall" />
					<Add option="-g" />
					<Add directory="mhash-0.9.9/include" />
				</Compiler>
				<ExtraCommands>
					<Add before="if [ ! -f include/mutils/mhash_config.h ]; then cp include/mutils/mhash_config.linux.h include/mutils/mhash_config.h ; fi" />
				</ExtraCommands>
			</Target>
			<Target title="Win32 Release">
				<Option platforms="Windows;Unix;" />
				<Option output="bin/Release/mhash" prefix_auto="1" extension_auto="1" />
				<Option working_dir="" />
				<Option object_output="obj/Release/" />
				<Option type="2" />
				<Option compiler="gcc" />
				<Option createDefFile="1" />
				<Compiler>
					<Add option="-O3" />
					<Add option="-Wall" />
				</Compiler>
				<Linker>
					<Add option="-s" />
				</Linker>
				<ExtraCommands>
					<Add before="cmd /c copy include\mutils\mhash_config.win.h include\mutils\mhash_config.h" />
				</ExtraCommands>
			</Target>
			<Target title="Win32 Debug">
				<Option platforms="Windows;Unix;" />
				<Option output="bin/Debug/mhash" prefix_auto="1" extension_auto="1" />
				<Option working_dir="" />
				<Option object_output="obj/Debug/" />
				<Option type="2" />
				<Option compiler="gcc" />
				<Option createDefFile="1" />
				<Compiler>
					<Add option="-Wall" />
					<Add option="-g" />
					<Add directory="mhash-0.9.9/include" />
				</Compiler>
				<ExtraCommands>
					<Add before="cmd /c copy include\mutils\mhash_config.win.h include\mutils\mhash_config.h" />
				</ExtraCommands>
			</Target>
			<Target title="MacOS Release">
				<Option platforms="Mac;" />
				<Option output="bin/Release/mhash" prefix_auto="1" extension_auto="1" />
				<Option working_dir="" />
				<Option object_output="obj/Release/" />
				<Option type="2" />
				<Option compiler="gcc" />
				<Option createDefFile="1" />
				<Compiler>
					<Add option="-O3" />
					<Add option="-Wall" />
					<Add option="-arch i386" />
					<Add option="-arch x86_64" />
				</Compiler>
				<Linker>
					<Add option="-s" />
				</Linker>
				<ExtraCommands>
					<Add before="if [ ! -f include/mutils/mhash_config.h ]; then cp include/mutils/mhash_config.osx.h include/mutils/mhash_config.h ; fi" />
				</ExtraCommands>
			</Target>
			<Target title="MacOS Debug">
				<Option platforms="Mac;" />
				<Option output="bin/Debug/mhash" prefix_auto="1" extension_auto="1" />
				<Option working_dir="" />
				<Option object_output="obj/Debug/" />
				<Option type="2" />
				<Option compiler="gcc" />
				<Option createDefFile="1" />
				<Compiler>
					<Add option="-Wall" />
					<Add option="-g" />
					<Add option="-arch i386" />
					<Add option="-arch x86_64" />
					<Add directory="mhash-0.9.9/include" />
				</Compiler>
				<ExtraCommands>
					<Add before="if [ ! -f include/mutils/mhash_config.h ]; then cp include/mutils/mhash_config.osx.h include/mutils/mhash_config.h ; fi" />
				</ExtraCommands>
			</Target>
		</Build>
		<Compiler>
			<Add directory="include" />
			<Add directory="lib" />
			<Add directory="mhash-0.9.9/include" />
		</Compiler>
		<Unit filename="include/mutils/mglobal.h">
			<Option target="&lt;{~None~}&gt;" />
		</Unit>
		<Unit filename="include/mutils/mhash.h">
			<Option target="&lt;{~None~}&gt;" />
		</Unit>
		<Unit filename="include/mutils/mhash_config.h">
			<Option target="&lt;{~None~}&gt;" />
		</Unit>
		<Unit filename="include/mutils/mincludes.h">
			<Option target="&lt;{~None~}&gt;" />
		</Unit>
		<Unit filename="include/mutils/mtypes.h">
			<Option target="&lt;{~None~}&gt;" />
		</Unit>
		<Unit filename="include/mutils/mutils.h">
			<Option target="&lt;{~None~}&gt;" />
		</Unit>
		<Unit filename="lib/adler32.c">
			<Option compilerVar="CC" />
		</Unit>
		<Unit filename="lib/crc32.c">
			<Option compilerVar="CC" />
		</Unit>
		<Unit filename="lib/gosthash.c">
			<Option compilerVar="CC" />
		</Unit>
		<Unit filename="lib/haval.c">
			<Option compilerVar="CC" />
		</Unit>
		<Unit filename="lib/keygen.c">
			<Option compilerVar="CC" />
		</Unit>
		<Unit filename="lib/keygen.h">
			<Option target="&lt;{~None~}&gt;" />
		</Unit>
		<Unit filename="lib/keygen_asis.c">
			<Option compilerVar="CC" />
		</Unit>
		<Unit filename="lib/keygen_hex.c">
			<Option compilerVar="CC" />
		</Unit>
		<Unit filename="lib/keygen_mcrypt.c">
			<Option compilerVar="CC" />
		</Unit>
		<Unit filename="lib/keygen_s2k.c">
			<Option compilerVar="CC" />
		</Unit>
		<Unit filename="lib/libdefs.h">
			<Option target="&lt;{~None~}&gt;" />
		</Unit>
		<Unit filename="lib/md2.c">
			<Option compilerVar="CC" />
		</Unit>
		<Unit filename="lib/md4.c">
			<Option compilerVar="CC" />
		</Unit>
		<Unit filename="lib/md5.c">
			<Option compilerVar="CC" />
		</Unit>
		<Unit filename="lib/mhash.c">
			<Option compilerVar="CC" />
		</Unit>
		<Unit filename="lib/mhash_adler32.h">
			<Option target="&lt;{~None~}&gt;" />
		</Unit>
		<Unit filename="lib/mhash_crc32.h">
			<Option target="&lt;{~None~}&gt;" />
		</Unit>
		<Unit filename="lib/mhash_gost.h">
			<Option target="&lt;{~None~}&gt;" />
		</Unit>
		<Unit filename="lib/mhash_haval.h">
			<Option target="&lt;{~None~}&gt;" />
		</Unit>
		<Unit filename="lib/mhash_int.h">
			<Option target="&lt;{~None~}&gt;" />
		</Unit>
		<Unit filename="lib/mhash_md2.h">
			<Option target="&lt;{~None~}&gt;" />
		</Unit>
		<Unit filename="lib/mhash_md4.h">
			<Option target="&lt;{~None~}&gt;" />
		</Unit>
		<Unit filename="lib/mhash_md5.h">
			<Option target="&lt;{~None~}&gt;" />
		</Unit>
		<Unit filename="lib/mhash_ripemd.h">
			<Option target="&lt;{~None~}&gt;" />
		</Unit>
		<Unit filename="lib/mhash_sha1.h">
			<Option target="&lt;{~None~}&gt;" />
		</Unit>
		<Unit filename="lib/mhash_sha256.h">
			<Option target="&lt;{~None~}&gt;" />
		</Unit>
		<Unit filename="lib/mhash_sha256_sha224.h">
			<Option target="&lt;{~None~}&gt;" />
		</Unit>
		<Unit filename="lib/mhash_sha512_sha384.h">
			<Option target="&lt;{~None~}&gt;" />
		</Unit>
		<Unit filename="lib/mhash_snefru.h">
			<Option target="&lt;{~None~}&gt;" />
		</Unit>
		<Unit filename="lib/mhash_tiger.h">
			<Option target="&lt;{~None~}&gt;" />
		</Unit>
		<Unit filename="lib/mhash_whirlpool.h">
			<Option target="&lt;{~None~}&gt;" />
		</Unit>
		<Unit filename="lib/ripemd.c">
			<Option compilerVar="CC" />
		</Unit>
		<Unit filename="lib/sha1.c">
			<Option compilerVar="CC" />
		</Unit>
		<Unit filename="lib/sha256.c">
			<Option compilerVar="CC" />
		</Unit>
		<Unit filename="lib/sha256_sha224.c">
			<Option compilerVar="CC" />
		</Unit>
		<Unit filename="lib/sha512_sha384.c">
			<Option compilerVar="CC" />
		</Unit>
		<Unit filename="lib/snefru.c">
			<Option compilerVar="CC" />
		</Unit>
		<Unit filename="lib/stdfns.c">
			<Option compilerVar="CC" />
		</Unit>
		<Unit filename="lib/tiger.c">
			<Option compilerVar="CC" />
		</Unit>
		<Unit filename="lib/tiger_sboxes.c">
			<Option compilerVar="CC" />
		</Unit>
		<Unit filename="lib/whirlpool.c">
			<Option compilerVar="CC" />
		</Unit>
		<Extensions>
			<code_completion />
			<debugger />
		</Extensions>
	</Project>
</CodeBlocks_project_file>
